// !$*UTF8*$!
{
	archiveVersion = 1;
	classes = {
	};
	objectVersion = 77;
	objects = {

/* Begin PBXBuildFile section */
		E13AEE442E7F942100331955 /* ReplayKit.framework in Frameworks */ = {isa = PBXBuildFile; fileRef = E13AEE432E7F942100331955 /* ReplayKit.framework */; };
		E13AEE532E7F961D00331955 /* BeamCore in Frameworks */ = {isa = PBXBuildFile; productRef = E13AEE522E7F961D00331955 /* BeamCore */; };
		E18442882E7F9C2900BEB38B /* BeamCore in Frameworks */ = {isa = PBXBuildFile; productRef = E18442872E7F9C2900BEB38B /* BeamCore */; };
		E1D1D66B2E88BA3E008C2C40 /* ReplayKit.framework in Frameworks */ = {isa = PBXBuildFile; fileRef = E13AEE432E7F942100331955 /* ReplayKit.framework */; };
		E1D1D6722E88BA3E008C2C40 /* BeamRoomUpload2.appex in Embed Foundation Extensions */ = {isa = PBXBuildFile; fileRef = E1D1D66A2E88BA3E008C2C40 /* BeamRoomUpload2.appex */; settings = {ATTRIBUTES = (RemoveHeadersOnCopy, ); }; };
		E1D1D67F2E88C113008C2C40 /* VideoToolbox.framework in Frameworks */ = {isa = PBXBuildFile; fileRef = E1D1D67E2E88C113008C2C40 /* VideoToolbox.framework */; };
		E1D1D6812E88C12F008C2C40 /* Network.framework in Frameworks */ = {isa = PBXBuildFile; fileRef = E1D1D6802E88C12F008C2C40 /* Network.framework */; };
		E1D1D6832E88C140008C2C40 /* CoreMedia.framework in Frameworks */ = {isa = PBXBuildFile; fileRef = E1D1D6822E88C140008C2C40 /* CoreMedia.framework */; };
		E1D1D6852E88C14B008C2C40 /* CoreVideo.framework in Frameworks */ = {isa = PBXBuildFile; fileRef = E1D1D6842E88C14B008C2C40 /* CoreVideo.framework */; };
		E1D1D6872E88C157008C2C40 /* AVFoundation.framework in Frameworks */ = {isa = PBXBuildFile; fileRef = E1D1D6862E88C157008C2C40 /* AVFoundation.framework */; };
		E1D1D6892E88C283008C2C40 /* BeamCore in Frameworks */ = {isa = PBXBuildFile; productRef = E1D1D6882E88C283008C2C40 /* BeamCore */; };
/* End PBXBuildFile section */

/* Begin PBXContainerItemProxy section */
		E13AEE492E7F942100331955 /* PBXContainerItemProxy */ = {
			isa = PBXContainerItemProxy;
			containerPortal = E13AEDC92E7F73D100331955 /* Project object */;
			proxyType = 1;
			remoteGlobalIDString = E13AEE402E7F942100331955;
			remoteInfo = BeamRoomBroadcastUpload;
		};
		E1D1D6702E88BA3E008C2C40 /* PBXContainerItemProxy */ = {
			isa = PBXContainerItemProxy;
			containerPortal = E13AEDC92E7F73D100331955 /* Project object */;
			proxyType = 1;
			remoteGlobalIDString = E1D1D6692E88BA3E008C2C40;
			remoteInfo = BeamRoomUpload2;
		};
/* End PBXContainerItemProxy section */

/* Begin PBXCopyFilesBuildPhase section */
		E13AEE4C2E7F942100331955 /* Embed Foundation Extensions */ = {
			isa = PBXCopyFilesBuildPhase;
			buildActionMask = 2147483647;
			dstPath = "";
			dstSubfolderSpec = 13;
			files = (
				E1D1D6722E88BA3E008C2C40 /* BeamRoomUpload2.appex in Embed Foundation Extensions */,
			);
			name = "Embed Foundation Extensions";
			runOnlyForDeploymentPostprocessing = 0;
		};
/* End PBXCopyFilesBuildPhase section */

/* Begin PBXFileReference section */
		E13AEDD12E7F73D100331955 /* BeamRoom.app */ = {isa = PBXFileReference; explicitFileType = wrapper.application; includeInIndex = 0; path = BeamRoom.app; sourceTree = BUILT_PRODUCTS_DIR; };
		E13AEE032E7F83A200331955 /* README.md */ = {isa = PBXFileReference; lastKnownFileType = net.daringfireball.markdown; path = README.md; sourceTree = SOURCE_ROOT; };
		E13AEE412E7F942100331955 /* BeamRoomBroadcastUpload.appex */ = {isa = PBXFileReference; explicitFileType = "wrapper.app-extension"; includeInIndex = 0; path = BeamRoomBroadcastUpload.appex; sourceTree = BUILT_PRODUCTS_DIR; };
		E13AEE432E7F942100331955 /* ReplayKit.framework */ = {isa = PBXFileReference; lastKnownFileType = wrapper.framework; name = ReplayKit.framework; path = System/Library/Frameworks/ReplayKit.framework; sourceTree = SDKROOT; };
		E1D1D66A2E88BA3E008C2C40 /* BeamRoomUpload2.appex */ = {isa = PBXFileReference; explicitFileType = "wrapper.app-extension"; includeInIndex = 0; path = BeamRoomUpload2.appex; sourceTree = BUILT_PRODUCTS_DIR; };
		E1D1D67E2E88C113008C2C40 /* VideoToolbox.framework */ = {isa = PBXFileReference; lastKnownFileType = wrapper.framework; name = VideoToolbox.framework; path = System/Library/Frameworks/VideoToolbox.framework; sourceTree = SDKROOT; };
		E1D1D6802E88C12F008C2C40 /* Network.framework */ = {isa = PBXFileReference; lastKnownFileType = wrapper.framework; name = Network.framework; path = System/Library/Frameworks/Network.framework; sourceTree = SDKROOT; };
		E1D1D6822E88C140008C2C40 /* CoreMedia.framework */ = {isa = PBXFileReference; lastKnownFileType = wrapper.framework; name = CoreMedia.framework; path = System/Library/Frameworks/CoreMedia.framework; sourceTree = SDKROOT; };
		E1D1D6842E88C14B008C2C40 /* CoreVideo.framework */ = {isa = PBXFileReference; lastKnownFileType = wrapper.framework; name = CoreVideo.framework; path = System/Library/Frameworks/CoreVideo.framework; sourceTree = SDKROOT; };
		E1D1D6862E88C157008C2C40 /* AVFoundation.framework */ = {isa = PBXFileReference; lastKnownFileType = wrapper.framework; name = AVFoundation.framework; path = System/Library/Frameworks/AVFoundation.framework; sourceTree = SDKROOT; };
/* End PBXFileReference section */

/* Begin PBXFileSystemSynchronizedBuildFileExceptionSet section */
		E13AEE4F2E7F942100331955 /* Exceptions for "BeamRoomBroadcastUpload" folder in "BeamRoomBroadcastUpload" target */ = {
			isa = PBXFileSystemSynchronizedBuildFileExceptionSet;
			membershipExceptions = (
				Info.plist,
			);
			target = E13AEE402E7F942100331955 /* BeamRoomBroadcastUpload */;
		};
		E14B06092EE5B31100A85A3D /* Exceptions for "BeamRoomHost" folder in "BeamRoomUpload2" target */ = {
			isa = PBXFileSystemSynchronizedBuildFileExceptionSet;
			membershipExceptions = (
				PrivacyInfo.xcprivacy,
			);
			target = E1D1D6692E88BA3E008C2C40 /* BeamRoomUpload2 */;
		};
		E184429D2E7FA84400BEB38B /* Exceptions for "BeamRoomHost" folder in "BeamRoom" target */ = {
			isa = PBXFileSystemSynchronizedBuildFileExceptionSet;
			membershipExceptions = (
				info.plist,
			);
			target = E13AEDD02E7F73D100331955 /* BeamRoom */;
		};
		E1D1D6762E88BA3E008C2C40 /* Exceptions for "BeamRoomUpload2" folder in "BeamRoomUpload2" target */ = {
			isa = PBXFileSystemSynchronizedBuildFileExceptionSet;
			membershipExceptions = (
				Info.plist,
			);
			target = E1D1D6692E88BA3E008C2C40 /* BeamRoomUpload2 */;
		};
/* End PBXFileSystemSynchronizedBuildFileExceptionSet section */

/* Begin PBXFileSystemSynchronizedRootGroup section */
		E13AEDD32E7F73D100331955 /* BeamRoomHost */ = {
			isa = PBXFileSystemSynchronizedRootGroup;
			exceptions = (
				E184429D2E7FA84400BEB38B /* Exceptions for "BeamRoomHost" folder in "BeamRoom" target */,
				E14B06092EE5B31100A85A3D /* Exceptions for "BeamRoomHost" folder in "BeamRoomUpload2" target */,
			);
			path = BeamRoomHost;
			sourceTree = "<group>";
		};
		E13AEE452E7F942100331955 /* BeamRoomBroadcastUpload */ = {
			isa = PBXFileSystemSynchronizedRootGroup;
			exceptions = (
				E13AEE4F2E7F942100331955 /* Exceptions for "BeamRoomBroadcastUpload" folder in "BeamRoomBroadcastUpload" target */,
			);
			path = BeamRoomBroadcastUpload;
			sourceTree = "<group>";
		};
		E172D5D42E88DFA200B2B817 /* scripts */ = {
			isa = PBXFileSystemSynchronizedRootGroup;
			path = scripts;
			sourceTree = "<group>";
		};
		E1D1D66C2E88BA3E008C2C40 /* BeamRoomUpload2 */ = {
			isa = PBXFileSystemSynchronizedRootGroup;
			exceptions = (
				E1D1D6762E88BA3E008C2C40 /* Exceptions for "BeamRoomUpload2" folder in "BeamRoomUpload2" target */,
			);
			path = BeamRoomUpload2;
			sourceTree = "<group>";
		};
/* End PBXFileSystemSynchronizedRootGroup section */

/* Begin PBXFrameworksBuildPhase section */
		E13AEDCE2E7F73D100331955 /* Frameworks */ = {
			isa = PBXFrameworksBuildPhase;
			buildActionMask = 2147483647;
			files = (
				E13AEE532E7F961D00331955 /* BeamCore in Frameworks */,
			);
			runOnlyForDeploymentPostprocessing = 0;
		};
		E13AEE3E2E7F942100331955 /* Frameworks */ = {
			isa = PBXFrameworksBuildPhase;
			buildActionMask = 2147483647;
			files = (
				E18442882E7F9C2900BEB38B /* BeamCore in Frameworks */,
				E13AEE442E7F942100331955 /* ReplayKit.framework in Frameworks */,
			);
			runOnlyForDeploymentPostprocessing = 0;
		};
		E1D1D6672E88BA3E008C2C40 /* Frameworks */ = {
			isa = PBXFrameworksBuildPhase;
			buildActionMask = 2147483647;
			files = (
				E1D1D6872E88C157008C2C40 /* AVFoundation.framework in Frameworks */,
				E1D1D6852E88C14B008C2C40 /* CoreVideo.framework in Frameworks */,
				E1D1D6832E88C140008C2C40 /* CoreMedia.framework in Frameworks */,
				E1D1D6812E88C12F008C2C40 /* Network.framework in Frameworks */,
				E1D1D67F2E88C113008C2C40 /* VideoToolbox.framework in Frameworks */,
				E1D1D6892E88C283008C2C40 /* BeamCore in Frameworks */,
				E1D1D66B2E88BA3E008C2C40 /* ReplayKit.framework in Frameworks */,
			);
			runOnlyForDeploymentPostprocessing = 0;
		};
/* End PBXFrameworksBuildPhase section */

/* Begin PBXGroup section */
		E13AEDC82E7F73D100331955 = {
			isa = PBXGroup;
			children = (
				E172D5D42E88DFA200B2B817 /* scripts */,
				E13AEE022E7F823500331955 /* Docs */,
				E13AEDD32E7F73D100331955 /* BeamRoomHost */,
				E13AEE452E7F942100331955 /* BeamRoomBroadcastUpload */,
				E1D1D66C2E88BA3E008C2C40 /* BeamRoomUpload2 */,
				E13AEE422E7F942100331955 /* Frameworks */,
				E13AEDD22E7F73D100331955 /* Products */,
			);
			sourceTree = "<group>";
		};
		E13AEDD22E7F73D100331955 /* Products */ = {
			isa = PBXGroup;
			children = (
				E13AEDD12E7F73D100331955 /* BeamRoom.app */,
				E13AEE412E7F942100331955 /* BeamRoomBroadcastUpload.appex */,
				E1D1D66A2E88BA3E008C2C40 /* BeamRoomUpload2.appex */,
			);
			name = Products;
			sourceTree = "<group>";
		};
		E13AEE022E7F823500331955 /* Docs */ = {
			isa = PBXGroup;
			children = (
				E13AEE032E7F83A200331955 /* README.md */,
			);
			path = Docs;
			sourceTree = "<group>";
		};
		E13AEE422E7F942100331955 /* Frameworks */ = {
			isa = PBXGroup;
			children = (
				E1D1D6862E88C157008C2C40 /* AVFoundation.framework */,
				E1D1D6842E88C14B008C2C40 /* CoreVideo.framework */,
				E1D1D6822E88C140008C2C40 /* CoreMedia.framework */,
				E1D1D6802E88C12F008C2C40 /* Network.framework */,
				E1D1D67E2E88C113008C2C40 /* VideoToolbox.framework */,
				E13AEE432E7F942100331955 /* ReplayKit.framework */,
			);
			name = Frameworks;
			sourceTree = "<group>";
		};
/* End PBXGroup section */

/* Begin PBXNativeTarget section */
		E13AEDD02E7F73D100331955 /* BeamRoom */ = {
			isa = PBXNativeTarget;
			buildConfigurationList = E13AEDDC2E7F73D300331955 /* Build configuration list for PBXNativeTarget "BeamRoom" */;
			buildPhases = (
				E13AEDCD2E7F73D100331955 /* Sources */,
				E13AEDCE2E7F73D100331955 /* Frameworks */,
				E13AEDCF2E7F73D100331955 /* Resources */,
				E13AEE4C2E7F942100331955 /* Embed Foundation Extensions */,
			);
			buildRules = (
			);
			dependencies = (
				E13AEE4A2E7F942100331955 /* PBXTargetDependency */,
				E1D1D6712E88BA3E008C2C40 /* PBXTargetDependency */,
			);
			fileSystemSynchronizedGroups = (
				E13AEDD32E7F73D100331955 /* BeamRoomHost */,
			);
			name = BeamRoom;
			packageProductDependencies = (
				E13AEE522E7F961D00331955 /* BeamCore */,
			);
			productName = BeamRoomHost;
			productReference = E13AEDD12E7F73D100331955 /* BeamRoom.app */;
			productType = "com.apple.product-type.application";
		};
		E13AEE402E7F942100331955 /* BeamRoomBroadcastUpload */ = {
			isa = PBXNativeTarget;
			buildConfigurationList = E13AEE502E7F942100331955 /* Build configuration list for PBXNativeTarget "BeamRoomBroadcastUpload" */;
			buildPhases = (
				E13AEE3D2E7F942100331955 /* Sources */,
				E13AEE3E2E7F942100331955 /* Frameworks */,
				E13AEE3F2E7F942100331955 /* Resources */,
			);
			buildRules = (
			);
			dependencies = (
			);
			fileSystemSynchronizedGroups = (
				E13AEE452E7F942100331955 /* BeamRoomBroadcastUpload */,
			);
			name = BeamRoomBroadcastUpload;
			packageProductDependencies = (
				E18442872E7F9C2900BEB38B /* BeamCore */,
			);
			productName = BeamRoomBroadcastUpload;
			productReference = E13AEE412E7F942100331955 /* BeamRoomBroadcastUpload.appex */;
			productType = "com.apple.product-type.app-extension";
		};
		E1D1D6692E88BA3E008C2C40 /* BeamRoomUpload2 */ = {
			isa = PBXNativeTarget;
			buildConfigurationList = E1D1D6732E88BA3E008C2C40 /* Build configuration list for PBXNativeTarget "BeamRoomUpload2" */;
			buildPhases = (
				E1D1D6662E88BA3E008C2C40 /* Sources */,
				E1D1D6672E88BA3E008C2C40 /* Frameworks */,
				E1D1D6682E88BA3E008C2C40 /* Resources */,
			);
			buildRules = (
			);
			dependencies = (
			);
			fileSystemSynchronizedGroups = (
				E1D1D66C2E88BA3E008C2C40 /* BeamRoomUpload2 */,
			);
			name = BeamRoomUpload2;
			packageProductDependencies = (
				E1D1D6882E88C283008C2C40 /* BeamCore */,
			);
			productName = BeamRoomUpload2;
			productReference = E1D1D66A2E88BA3E008C2C40 /* BeamRoomUpload2.appex */;
			productType = "com.apple.product-type.app-extension";
		};
/* End PBXNativeTarget section */

/* Begin PBXProject section */
		E13AEDC92E7F73D100331955 /* Project object */ = {
			isa = PBXProject;
			attributes = {
				BuildIndependentTargetsInParallel = 1;
				LastSwiftUpdateCheck = 2600;
				LastUpgradeCheck = 2600;
				TargetAttributes = {
					E13AEDD02E7F73D100331955 = {
						CreatedOnToolsVersion = 26.0;
					};
					E13AEE402E7F942100331955 = {
						CreatedOnToolsVersion = 26.0;
					};
					E1D1D6692E88BA3E008C2C40 = {
						CreatedOnToolsVersion = 26.0;
					};
				};
			};
			buildConfigurationList = E13AEDCC2E7F73D100331955 /* Build configuration list for PBXProject "BeamRoomHost" */;
			developmentRegion = en;
			hasScannedForEncodings = 0;
			knownRegions = (
				en,
				Base,
			);
			mainGroup = E13AEDC82E7F73D100331955;
			minimizedProjectReferenceProxies = 1;
			packageReferences = (
				E13AEE512E7F961D00331955 /* XCLocalSwiftPackageReference "BeamCore" */,
			);
			preferredProjectObjectVersion = 77;
			productRefGroup = E13AEDD22E7F73D100331955 /* Products */;
			projectDirPath = "";
			projectRoot = "";
			targets = (
				E13AEDD02E7F73D100331955 /* BeamRoom */,
				E13AEE402E7F942100331955 /* BeamRoomBroadcastUpload */,
				E1D1D6692E88BA3E008C2C40 /* BeamRoomUpload2 */,
			);
		};
/* End PBXProject section */

/* Begin PBXResourcesBuildPhase section */
		E13AEDCF2E7F73D100331955 /* Resources */ = {
			isa = PBXResourcesBuildPhase;
			buildActionMask = 2147483647;
			files = (
			);
			runOnlyForDeploymentPostprocessing = 0;
		};
		E13AEE3F2E7F942100331955 /* Resources */ = {
			isa = PBXResourcesBuildPhase;
			buildActionMask = 2147483647;
			files = (
			);
			runOnlyForDeploymentPostprocessing = 0;
		};
		E1D1D6682E88BA3E008C2C40 /* Resources */ = {
			isa = PBXResourcesBuildPhase;
			buildActionMask = 2147483647;
			files = (
			);
			runOnlyForDeploymentPostprocessing = 0;
		};
/* End PBXResourcesBuildPhase section */

/* Begin PBXSourcesBuildPhase section */
		E13AEDCD2E7F73D100331955 /* Sources */ = {
			isa = PBXSourcesBuildPhase;
			buildActionMask = 2147483647;
			files = (
			);
			runOnlyForDeploymentPostprocessing = 0;
		};
		E13AEE3D2E7F942100331955 /* Sources */ = {
			isa = PBXSourcesBuildPhase;
			buildActionMask = 2147483647;
			files = (
			);
			runOnlyForDeploymentPostprocessing = 0;
		};
		E1D1D6662E88BA3E008C2C40 /* Sources */ = {
			isa = PBXSourcesBuildPhase;
			buildActionMask = 2147483647;
			files = (
			);
			runOnlyForDeploymentPostprocessing = 0;
		};
/* End PBXSourcesBuildPhase section */

/* Begin PBXTargetDependency section */
		E13AEE4A2E7F942100331955 /* PBXTargetDependency */ = {
			isa = PBXTargetDependency;
			target = E13AEE402E7F942100331955 /* BeamRoomBroadcastUpload */;
			targetProxy = E13AEE492E7F942100331955 /* PBXContainerItemProxy */;
		};
		E1D1D6712E88BA3E008C2C40 /* PBXTargetDependency */ = {
			isa = PBXTargetDependency;
			target = E1D1D6692E88BA3E008C2C40 /* BeamRoomUpload2 */;
			targetProxy = E1D1D6702E88BA3E008C2C40 /* PBXContainerItemProxy */;
		};
/* End PBXTargetDependency section */

/* Begin XCBuildConfiguration section */
		E13AEDDA2E7F73D300331955 /* Debug */ = {
			isa = XCBuildConfiguration;
			buildSettings = {
				ALWAYS_SEARCH_USER_PATHS = NO;
				ASSETCATALOG_COMPILER_GENERATE_SWIFT_ASSET_SYMBOL_EXTENSIONS = YES;
				CLANG_ANALYZER_NONNULL = YES;
				CLANG_ANALYZER_NUMBER_OBJECT_CONVERSION = YES_AGGRESSIVE;
				CLANG_CXX_LANGUAGE_STANDARD = "gnu++20";
				CLANG_ENABLE_MODULES = YES;
				CLANG_ENABLE_OBJC_ARC = YES;
				CLANG_ENABLE_OBJC_WEAK = YES;
				CLANG_WARN_BLOCK_CAPTURE_AUTORELEASING = YES;
				CLANG_WARN_BOOL_CONVERSION = YES;
				CLANG_WARN_COMMA = YES;
				CLANG_WARN_CONSTANT_CONVERSION = YES;
				CLANG_WARN_DEPRECATED_OBJC_IMPLEMENTATIONS = YES;
				CLANG_WARN_DIRECT_OBJC_ISA_USAGE = YES_ERROR;
				CLANG_WARN_DOCUMENTATION_COMMENTS = YES;
				CLANG_WARN_EMPTY_BODY = YES;
				CLANG_WARN_ENUM_CONVERSION = YES;
				CLANG_WARN_INFINITE_RECURSION = YES;
				CLANG_WARN_INT_CONVERSION = YES;
				CLANG_WARN_NON_LITERAL_NULL_CONVERSION = YES;
				CLANG_WARN_OBJC_IMPLICIT_RETAIN_SELF = YES;
				CLANG_WARN_OBJC_LITERAL_CONVERSION = YES;
				CLANG_WARN_OBJC_ROOT_CLASS = YES_ERROR;
				CLANG_WARN_QUOTED_INCLUDE_IN_FRAMEWORK_HEADER = YES;
				CLANG_WARN_RANGE_LOOP_ANALYSIS = YES;
				CLANG_WARN_STRICT_PROTOTYPES = YES;
				CLANG_WARN_SUSPICIOUS_MOVE = YES;
				CLANG_WARN_UNGUARDED_AVAILABILITY = YES_AGGRESSIVE;
				CLANG_WARN_UNREACHABLE_CODE = YES;
				CLANG_WARN__DUPLICATE_METHOD_MATCH = YES;
				COPY_PHASE_STRIP = NO;
				DEBUG_INFORMATION_FORMAT = dwarf;
				DEVELOPMENT_TEAM = 92HEPEJ42Z;
				ENABLE_STRICT_OBJC_MSGSEND = YES;
				ENABLE_TESTABILITY = YES;
				ENABLE_USER_SCRIPT_SANDBOXING = YES;
				GCC_C_LANGUAGE_STANDARD = gnu17;
				GCC_DYNAMIC_NO_PIC = NO;
				GCC_NO_COMMON_BLOCKS = YES;
				GCC_OPTIMIZATION_LEVEL = 0;
				GCC_PREPROCESSOR_DEFINITIONS = (
					"DEBUG=1",
					"$(inherited)",
				);
				GCC_WARN_64_TO_32_BIT_CONVERSION = YES;
				GCC_WARN_ABOUT_RETURN_TYPE = YES_ERROR;
				GCC_WARN_UNDECLARED_SELECTOR = YES;
				GCC_WARN_UNINITIALIZED_AUTOS = YES_AGGRESSIVE;
				GCC_WARN_UNUSED_FUNCTION = YES;
				GCC_WARN_UNUSED_VARIABLE = YES;
				IPHONEOS_DEPLOYMENT_TARGET = 26.0;
				LOCALIZATION_PREFERS_STRING_CATALOGS = YES;
				MTL_ENABLE_DEBUG_INFO = INCLUDE_SOURCE;
				MTL_FAST_MATH = YES;
				ONLY_ACTIVE_ARCH = YES;
				SDKROOT = iphoneos;
				SWIFT_ACTIVE_COMPILATION_CONDITIONS = "DEBUG $(inherited)";
				SWIFT_OPTIMIZATION_LEVEL = "-Onone";
			};
			name = Debug;
		};
		E13AEDDB2E7F73D300331955 /* Release */ = {
			isa = XCBuildConfiguration;
			buildSettings = {
				ALWAYS_SEARCH_USER_PATHS = NO;
				ASSETCATALOG_COMPILER_GENERATE_SWIFT_ASSET_SYMBOL_EXTENSIONS = YES;
				CLANG_ANALYZER_NONNULL = YES;
				CLANG_ANALYZER_NUMBER_OBJECT_CONVERSION = YES_AGGRESSIVE;
				CLANG_CXX_LANGUAGE_STANDARD = "gnu++20";
				CLANG_ENABLE_MODULES = YES;
				CLANG_ENABLE_OBJC_ARC = YES;
				CLANG_ENABLE_OBJC_WEAK = YES;
				CLANG_WARN_BLOCK_CAPTURE_AUTORELEASING = YES;
				CLANG_WARN_BOOL_CONVERSION = YES;
				CLANG_WARN_COMMA = YES;
				CLANG_WARN_CONSTANT_CONVERSION = YES;
				CLANG_WARN_DEPRECATED_OBJC_IMPLEMENTATIONS = YES;
				CLANG_WARN_DIRECT_OBJC_ISA_USAGE = YES_ERROR;
				CLANG_WARN_DOCUMENTATION_COMMENTS = YES;
				CLANG_WARN_EMPTY_BODY = YES;
				CLANG_WARN_ENUM_CONVERSION = YES;
				CLANG_WARN_INFINITE_RECURSION = YES;
				CLANG_WARN_INT_CONVERSION = YES;
				CLANG_WARN_NON_LITERAL_NULL_CONVERSION = YES;
				CLANG_WARN_OBJC_IMPLICIT_RETAIN_SELF = YES;
				CLANG_WARN_OBJC_LITERAL_CONVERSION = YES;
				CLANG_WARN_OBJC_ROOT_CLASS = YES_ERROR;
				CLANG_WARN_QUOTED_INCLUDE_IN_FRAMEWORK_HEADER = YES;
				CLANG_WARN_RANGE_LOOP_ANALYSIS = YES;
				CLANG_WARN_STRICT_PROTOTYPES = YES;
				CLANG_WARN_SUSPICIOUS_MOVE = YES;
				CLANG_WARN_UNGUARDED_AVAILABILITY = YES_AGGRESSIVE;
				CLANG_WARN_UNREACHABLE_CODE = YES;
				CLANG_WARN__DUPLICATE_METHOD_MATCH = YES;
				COPY_PHASE_STRIP = NO;
				DEBUG_INFORMATION_FORMAT = "dwarf-with-dsym";
				DEVELOPMENT_TEAM = 92HEPEJ42Z;
				ENABLE_NS_ASSERTIONS = NO;
				ENABLE_STRICT_OBJC_MSGSEND = YES;
				ENABLE_USER_SCRIPT_SANDBOXING = YES;
				GCC_C_LANGUAGE_STANDARD = gnu17;
				GCC_NO_COMMON_BLOCKS = YES;
				GCC_WARN_64_TO_32_BIT_CONVERSION = YES;
				GCC_WARN_ABOUT_RETURN_TYPE = YES_ERROR;
				GCC_WARN_UNDECLARED_SELECTOR = YES;
				GCC_WARN_UNINITIALIZED_AUTOS = YES_AGGRESSIVE;
				GCC_WARN_UNUSED_FUNCTION = YES;
				GCC_WARN_UNUSED_VARIABLE = YES;
				IPHONEOS_DEPLOYMENT_TARGET = 26.0;
				LOCALIZATION_PREFERS_STRING_CATALOGS = YES;
				MTL_ENABLE_DEBUG_INFO = NO;
				MTL_FAST_MATH = YES;
				SDKROOT = iphoneos;
				SWIFT_COMPILATION_MODE = wholemodule;
				VALIDATE_PRODUCT = YES;
			};
			name = Release;
		};
		E13AEDDD2E7F73D300331955 /* Debug */ = {
			isa = XCBuildConfiguration;
			buildSettings = {
				ASSETCATALOG_COMPILER_APPICON_NAME = AppIcon;
				ASSETCATALOG_COMPILER_GLOBAL_ACCENT_COLOR_NAME = AccentColor;
				CODE_SIGN_ENTITLEMENTS = BeamRoomHost/BeamRoomHost.entitlements;
				CODE_SIGN_STYLE = Automatic;
				CURRENT_PROJECT_VERSION = 7;
				DEVELOPMENT_TEAM = 92HEPEJ42Z;
				ENABLE_PREVIEWS = YES;
				GENERATE_INFOPLIST_FILE = NO;
				INFOPLIST_FILE = BeamRoomHost/info.plist;
				INFOPLIST_KEY_CFBundleDisplayName = BeamRoom;
				INFOPLIST_KEY_UIApplicationSceneManifest_Generation = YES;
				INFOPLIST_KEY_UIApplicationSupportsIndirectInputEvents = YES;
				INFOPLIST_KEY_UILaunchScreen_Generation = YES;
				INFOPLIST_KEY_UISupportedInterfaceOrientations_iPad = "UIInterfaceOrientationPortrait UIInterfaceOrientationPortraitUpsideDown UIInterfaceOrientationLandscapeLeft UIInterfaceOrientationLandscapeRight";
				INFOPLIST_KEY_UISupportedInterfaceOrientations_iPhone = "UIInterfaceOrientationPortrait UIInterfaceOrientationLandscapeLeft UIInterfaceOrientationLandscapeRight";
				LD_RUNPATH_SEARCH_PATHS = (
					"$(inherited)",
					"@executable_path/Frameworks",
				);
				MARKETING_VERSION = 0.9.9;
				PRODUCT_BUNDLE_IDENTIFIER = com.conornolan.BeamRoomHost;
				PRODUCT_NAME = "$(TARGET_NAME)";
				STRING_CATALOG_GENERATE_SYMBOLS = YES;
				SUPPORTED_PLATFORMS = "iphoneos iphonesimulator";
				SUPPORTS_MACCATALYST = NO;
				SUPPORTS_MAC_DESIGNED_FOR_IPHONE_IPAD = NO;
				SUPPORTS_XR_DESIGNED_FOR_IPHONE_IPAD = NO;
				SWIFT_APPROACHABLE_CONCURRENCY = YES;
				SWIFT_DEFAULT_ACTOR_ISOLATION = MainActor;
				SWIFT_EMIT_LOC_STRINGS = YES;
				SWIFT_UPCOMING_FEATURE_MEMBER_IMPORT_VISIBILITY = YES;
				SWIFT_VERSION = 6.0;
				TARGETED_DEVICE_FAMILY = 1;
			};
			name = Debug;
		};
		E13AEDDE2E7F73D300331955 /* Release */ = {
			isa = XCBuildConfiguration;
			buildSettings = {
				ASSETCATALOG_COMPILER_APPICON_NAME = AppIcon;
				ASSETCATALOG_COMPILER_GLOBAL_ACCENT_COLOR_NAME = AccentColor;
				CODE_SIGN_ENTITLEMENTS = BeamRoomHost/BeamRoomHost.entitlements;
				CODE_SIGN_STYLE = Automatic;
				CURRENT_PROJECT_VERSION = 7;
				DEVELOPMENT_TEAM = 92HEPEJ42Z;
				ENABLE_PREVIEWS = YES;
				GENERATE_INFOPLIST_FILE = NO;
				INFOPLIST_FILE = BeamRoomHost/info.plist;
				INFOPLIST_KEY_CFBundleDisplayName = BeamRoom;
				INFOPLIST_KEY_UIApplicationSceneManifest_Generation = YES;
				INFOPLIST_KEY_UIApplicationSupportsIndirectInputEvents = YES;
				INFOPLIST_KEY_UILaunchScreen_Generation = YES;
				INFOPLIST_KEY_UISupportedInterfaceOrientations_iPad = "UIInterfaceOrientationPortrait UIInterfaceOrientationPortraitUpsideDown UIInterfaceOrientationLandscapeLeft UIInterfaceOrientationLandscapeRight";
				INFOPLIST_KEY_UISupportedInterfaceOrientations_iPhone = "UIInterfaceOrientationPortrait UIInterfaceOrientationLandscapeLeft UIInterfaceOrientationLandscapeRight";
				LD_RUNPATH_SEARCH_PATHS = (
					"$(inherited)",
					"@executable_path/Frameworks",
				);
				MARKETING_VERSION = 0.9.9;
				PRODUCT_BUNDLE_IDENTIFIER = com.conornolan.BeamRoomHost;
				PRODUCT_NAME = "$(TARGET_NAME)";
				STRING_CATALOG_GENERATE_SYMBOLS = YES;
				SUPPORTED_PLATFORMS = "iphoneos iphonesimulator";
				SUPPORTS_MACCATALYST = NO;
				SUPPORTS_MAC_DESIGNED_FOR_IPHONE_IPAD = NO;
				SUPPORTS_XR_DESIGNED_FOR_IPHONE_IPAD = NO;
				SWIFT_ACTIVE_COMPILATION_CONDITIONS = AWARE_UI_ENABLED;
				SWIFT_APPROACHABLE_CONCURRENCY = YES;
				SWIFT_DEFAULT_ACTOR_ISOLATION = MainActor;
				SWIFT_EMIT_LOC_STRINGS = YES;
				SWIFT_UPCOMING_FEATURE_MEMBER_IMPORT_VISIBILITY = YES;
				SWIFT_VERSION = 6.0;
				TARGETED_DEVICE_FAMILY = 1;
			};
			name = Release;
		};
		E13AEE4D2E7F942100331955 /* Debug */ = {
			isa = XCBuildConfiguration;
			buildSettings = {
				CODE_SIGN_ENTITLEMENTS = BeamRoomBroadcastUpload/BeamRoomBroadcastUpload.entitlements;
				CODE_SIGN_STYLE = Automatic;
				CURRENT_PROJECT_VERSION = 7;
				DEVELOPMENT_TEAM = 92HEPEJ42Z;
				GENERATE_INFOPLIST_FILE = NO;
				INFOPLIST_FILE = BeamRoomBroadcastUpload/Info.plist;
				INFOPLIST_KEY_CFBundleDisplayName = BeamRoomBroadcastUpload;
				INFOPLIST_KEY_NSHumanReadableCopyright = "";
				LD_RUNPATH_SEARCH_PATHS = (
					"$(inherited)",
					"@executable_path/Frameworks",
					"@executable_path/../../Frameworks",
				);
				MARKETING_VERSION = 0.9.9;
				OTHER_SWIFT_FLAGS = "-DAWARE_UI_ENABLED";
				PRODUCT_BUNDLE_IDENTIFIER = com.conornolan.BeamRoomHost.BeamRoomBroadcastUpload;
				PRODUCT_NAME = "$(TARGET_NAME)";
				SKIP_INSTALL = YES;
				STRING_CATALOG_GENERATE_SYMBOLS = YES;
				SUPPORTED_PLATFORMS = "iphoneos iphonesimulator";
				SUPPORTS_MACCATALYST = NO;
				SUPPORTS_MAC_DESIGNED_FOR_IPHONE_IPAD = NO;
				SUPPORTS_XR_DESIGNED_FOR_IPHONE_IPAD = NO;
				SWIFT_APPROACHABLE_CONCURRENCY = YES;
				SWIFT_EMIT_LOC_STRINGS = YES;
				SWIFT_UPCOMING_FEATURE_MEMBER_IMPORT_VISIBILITY = YES;
				SWIFT_VERSION = 6.0;
				TARGETED_DEVICE_FAMILY = 1;
			};
			name = Debug;
		};
		E13AEE4E2E7F942100331955 /* Release */ = {
			isa = XCBuildConfiguration;
			buildSettings = {
				CODE_SIGN_ENTITLEMENTS = BeamRoomBroadcastUpload/BeamRoomBroadcastUpload.entitlements;
				CODE_SIGN_STYLE = Automatic;
				CURRENT_PROJECT_VERSION = 7;
				DEVELOPMENT_TEAM = 92HEPEJ42Z;
				GENERATE_INFOPLIST_FILE = NO;
				INFOPLIST_FILE = BeamRoomBroadcastUpload/Info.plist;
				INFOPLIST_KEY_CFBundleDisplayName = BeamRoomBroadcastUpload;
				INFOPLIST_KEY_NSHumanReadableCopyright = "";
				LD_RUNPATH_SEARCH_PATHS = (
					"$(inherited)",
					"@executable_path/Frameworks",
					"@executable_path/../../Frameworks",
				);
				MARKETING_VERSION = 0.9.9;
				OTHER_SWIFT_FLAGS = "-DAWARE_UI_ENABLED";
				PRODUCT_BUNDLE_IDENTIFIER = com.conornolan.BeamRoomHost.BeamRoomBroadcastUpload;
				PRODUCT_NAME = "$(TARGET_NAME)";
				SKIP_INSTALL = YES;
				STRING_CATALOG_GENERATE_SYMBOLS = YES;
				SUPPORTED_PLATFORMS = "iphoneos iphonesimulator";
				SUPPORTS_MACCATALYST = NO;
				SUPPORTS_MAC_DESIGNED_FOR_IPHONE_IPAD = NO;
				SUPPORTS_XR_DESIGNED_FOR_IPHONE_IPAD = NO;
				SWIFT_ACTIVE_COMPILATION_CONDITIONS = "";
				SWIFT_APPROACHABLE_CONCURRENCY = YES;
				SWIFT_EMIT_LOC_STRINGS = YES;
				SWIFT_UPCOMING_FEATURE_MEMBER_IMPORT_VISIBILITY = YES;
				SWIFT_VERSION = 6.0;
				TARGETED_DEVICE_FAMILY = 1;
			};
			name = Release;
		};
		E1D1D6742E88BA3E008C2C40 /* Debug */ = {
			isa = XCBuildConfiguration;
			buildSettings = {
				CODE_SIGN_ENTITLEMENTS = BeamRoomUpload2/BeamRoomUpload2.entitlements;
				CODE_SIGN_STYLE = Automatic;
				CURRENT_PROJECT_VERSION = 7;
				DEVELOPMENT_TEAM = 92HEPEJ42Z;
				GENERATE_INFOPLIST_FILE = NO;
				INFOPLIST_FILE = BeamRoomUpload2/Info.plist;
				INFOPLIST_KEY_CFBundleDisplayName = BeamRoomUpload2;
				INFOPLIST_KEY_NSHumanReadableCopyright = "";
				LD_RUNPATH_SEARCH_PATHS = (
					"$(inherited)",
					"@executable_path/Frameworks",
					"@executable_path/../../Frameworks",
				);
				MARKETING_VERSION = 0.9.9;
				PRODUCT_BUNDLE_IDENTIFIER = com.conornolan.BeamRoomHost.BeamRoomUpload2;
				PRODUCT_NAME = "$(TARGET_NAME)";
				SKIP_INSTALL = NO;
				STRING_CATALOG_GENERATE_SYMBOLS = YES;
				SUPPORTED_PLATFORMS = "iphoneos iphonesimulator";
				SUPPORTS_MACCATALYST = NO;
				SUPPORTS_MAC_DESIGNED_FOR_IPHONE_IPAD = NO;
				SUPPORTS_XR_DESIGNED_FOR_IPHONE_IPAD = NO;
				SWIFT_APPROACHABLE_CONCURRENCY = YES;
				SWIFT_EMIT_LOC_STRINGS = YES;
				SWIFT_UPCOMING_FEATURE_MEMBER_IMPORT_VISIBILITY = YES;
				SWIFT_VERSION = 5.0;
				TARGETED_DEVICE_FAMILY = 1;
			};
			name = Debug;
		};
		E1D1D6752E88BA3E008C2C40 /* Release */ = {
			isa = XCBuildConfiguration;
			buildSettings = {
				CODE_SIGN_ENTITLEMENTS = BeamRoomUpload2/BeamRoomUpload2.entitlements;
				CODE_SIGN_STYLE = Automatic;
				CURRENT_PROJECT_VERSION = 7;
				DEVELOPMENT_TEAM = 92HEPEJ42Z;
				GENERATE_INFOPLIST_FILE = NO;
				INFOPLIST_FILE = BeamRoomUpload2/Info.plist;
				INFOPLIST_KEY_CFBundleDisplayName = BeamRoomUpload2;
				INFOPLIST_KEY_NSHumanReadableCopyright = "";
				LD_RUNPATH_SEARCH_PATHS = (
					"$(inherited)",
					"@executable_path/Frameworks",
					"@executable_path/../../Frameworks",
				);
				MARKETING_VERSION = 0.9.9;
				PRODUCT_BUNDLE_IDENTIFIER = com.conornolan.BeamRoomHost.BeamRoomUpload2;
				PRODUCT_NAME = "$(TARGET_NAME)";
				SKIP_INSTALL = NO;
				STRING_CATALOG_GENERATE_SYMBOLS = YES;
				SUPPORTED_PLATFORMS = "iphoneos iphonesimulator";
				SUPPORTS_MACCATALYST = NO;
				SUPPORTS_MAC_DESIGNED_FOR_IPHONE_IPAD = NO;
				SUPPORTS_XR_DESIGNED_FOR_IPHONE_IPAD = NO;
				SWIFT_APPROACHABLE_CONCURRENCY = YES;
				SWIFT_EMIT_LOC_STRINGS = YES;
				SWIFT_UPCOMING_FEATURE_MEMBER_IMPORT_VISIBILITY = YES;
				SWIFT_VERSION = 5.0;
				TARGETED_DEVICE_FAMILY = 1;
			};
			name = Release;
		};
/* End XCBuildConfiguration section */

/* Begin XCConfigurationList section */
		E13AEDCC2E7F73D100331955 /* Build configuration list for PBXProject "BeamRoomHost" */ = {
			isa = XCConfigurationList;
			buildConfigurations = (
				E13AEDDA2E7F73D300331955 /* Debug */,
				E13AEDDB2E7F73D300331955 /* Release */,
			);
			defaultConfigurationIsVisible = 0;
			defaultConfigurationName = Release;
		};
		E13AEDDC2E7F73D300331955 /* Build configuration list for PBXNativeTarget "BeamRoom" */ = {
			isa = XCConfigurationList;
			buildConfigurations = (
				E13AEDDD2E7F73D300331955 /* Debug */,
				E13AEDDE2E7F73D300331955 /* Release */,
			);
			defaultConfigurationIsVisible = 0;
			defaultConfigurationName = Release;
		};
		E13AEE502E7F942100331955 /* Build configuration list for PBXNativeTarget "BeamRoomBroadcastUpload" */ = {
			isa = XCConfigurationList;
			buildConfigurations = (
				E13AEE4D2E7F942100331955 /* Debug */,
				E13AEE4E2E7F942100331955 /* Release */,
			);
			defaultConfigurationIsVisible = 0;
			defaultConfigurationName = Release;
		};
		E1D1D6732E88BA3E008C2C40 /* Build configuration list for PBXNativeTarget "BeamRoomUpload2" */ = {
			isa = XCConfigurationList;
			buildConfigurations = (
				E1D1D6742E88BA3E008C2C40 /* Debug */,
				E1D1D6752E88BA3E008C2C40 /* Release */,
			);
			defaultConfigurationIsVisible = 0;
			defaultConfigurationName = Release;
		};
/* End XCConfigurationList section */

/* Begin XCLocalSwiftPackageReference section */
		E13AEE512E7F961D00331955 /* XCLocalSwiftPackageReference "BeamCore" */ = {
			isa = XCLocalSwiftPackageReference;
			relativePath = BeamCore;
		};
/* End XCLocalSwiftPackageReference section */

/* Begin XCSwiftPackageProductDependency section */
		E13AEE522E7F961D00331955 /* BeamCore */ = {
			isa = XCSwiftPackageProductDependency;
			productName = BeamCore;
		};
		E18442872E7F9C2900BEB38B /* BeamCore */ = {
			isa = XCSwiftPackageProductDependency;
			package = E13AEE512E7F961D00331955 /* XCLocalSwiftPackageReference "BeamCore" */;
			productName = BeamCore;
		};
		E1D1D6882E88C283008C2C40 /* BeamCore */ = {
			isa = XCSwiftPackageProductDependency;
			package = E13AEE512E7F961D00331955 /* XCLocalSwiftPackageReference "BeamCore" */;
			productName = BeamCore;
		};
/* End XCSwiftPackageProductDependency section */
	};
	rootObject = E13AEDC92E7F73D100331955 /* Project object */;
}
